
Microsoft Visual Studio Solution File, Format Version 12.00
# Visual Studio Version 17
VisualStudioVersion = 17.12.35506.116
MinimumVisualStudioVersion = 10.0.40219.1
Project("{FAE04EC0-301F-11D3-BF4B-00C04F79EFBC}") = "BlockGame42", "src\BlockGame42\BlockGame42.csproj", "{22207620-C150-4BD9-A0E6-540042079ECB}"
EndProject
Project("{FAE04EC0-301F-11D3-BF4B-00C04F79EFBC}") = "BlockGame42.Assets.Pipeline", "src\BlockGame42.Assets.Pipeline\BlockGame42.Assets.Pipeline.csproj", "{EECC22D9-B8D4-6567-5F35-76352086DA64}"
EndProject
Project("{2150E333-8FDC-42A3-9474-1A3956D46DE8}") = "dependencies", "dependencies", "{02EA681E-C7D8-13C7-8484-4AC65E1B71E8}"
EndProject
Project("{FAE04EC0-301F-11D3-BF4B-00C04F79EFBC}") = "SDL", "..\SDL\src\SDL\SDL.csproj", "{6C2FED05-7A78-A2CB-7D03-9D0CAF389B56}"
EndProject
Global
	GlobalSection(SolutionConfigurationPlatforms) = preSolution
		Debug|Any CPU = Debug|Any CPU
		Release|Any CPU = Release|Any CPU
	EndGlobalSection
	GlobalSection(ProjectConfigurationPlatforms) = postSolution
		{22207620-C150-4BD9-A0E6-540042079ECB}.Debug|Any CPU.ActiveCfg = Debug|Any CPU
		{22207620-C150-4BD9-A0E6-540042079ECB}.Debug|Any CPU.Build.0 = Debug|Any CPU
		{22207620-C150-4BD9-A0E6-540042079ECB}.Release|Any CPU.ActiveCfg = Release|Any CPU
		{22207620-C150-4BD9-A0E6-540042079ECB}.Release|Any CPU.Build.0 = Release|Any CPU
		{EECC22D9-B8D4-6567-5F35-76352086DA64}.Debug|Any CPU.ActiveCfg = Debug|Any CPU
		{EECC22D9-B8D4-6567-5F35-76352086DA64}.Debug|Any CPU.Build.0 = Debug|Any CPU
		{EECC22D9-B8D4-6567-5F35-76352086DA64}.Release|Any CPU.ActiveCfg = Release|Any CPU
		{EECC22D9-B8D4-6567-5F35-76352086DA64}.Release|Any CPU.Build.0 = Release|Any CPU
		{6C2FED05-7A78-A2CB-7D03-9D0CAF389B56}.Debug|Any CPU.ActiveCfg = Debug|Any CPU
		{6C2FED05-7A78-A2CB-7D03-9D0CAF389B56}.Debug|Any CPU.Build.0 = Debug|Any CPU
		{6C2FED05-7A78-A2CB-7D03-9D0CAF389B56}.Release|Any CPU.ActiveCfg = Release|Any CPU
		{6C2FED05-7A78-A2CB-7D03-9D0CAF389B56}.Release|Any CPU.Build.0 = Release|Any CPU
	EndGlobalSection
	GlobalSection(SolutionProperties) = preSolution
		HideSolutionNode = FALSE
	EndGlobalSection
	GlobalSection(NestedProjects) = preSolution
		{6C2FED05-7A78-A2CB-7D03-9D0CAF389B56} = {02EA681E-C7D8-13C7-8484-4AC65E1B71E8}
	EndGlobalSection
	GlobalSection(ExtensibilityGlobals) = postSolution
		SolutionGuid = {41C4D9E3-463C-4A81-91B9-8A00064387A8}
	EndGlobalSection
EndGlobal
